
Microsoft Visual Studio Solution File, Format Version 12.00
# Visual Studio Version 17
VisualStudioVersion = 17.9.34902.65
MinimumVisualStudioVersion = 10.0.40219.1
Project("{9092AA53-FB77-4645-B42D-1CCCA6BD08BD}") = "GeckoDynamicsAPI", "GeckoDynamicsAPI\GeckoDynamicsAPI.njsproj", "{E4420A00-F671-484D-B225-B5B7309C5E2B}"
EndProject
Global
	GlobalSection(SolutionConfigurationPlatforms) = preSolution
		Debug|Any CPU = Debug|Any CPU
		Release|Any CPU = Release|Any CPU
	EndGlobalSection
	GlobalSection(ProjectConfigurationPlatforms) = postSolution
		{E4420A00-F671-484D-B225-B5B7309C5E2B}.Debug|Any CPU.ActiveCfg = Debug|Any CPU
		{E4420A00-F671-484D-B225-B5B7309C5E2B}.Debug|Any CPU.Build.0 = Debug|Any CPU
		{E4420A00-F671-484D-B225-B5B7309C5E2B}.Release|Any CPU.ActiveCfg = Release|Any CPU
		{E4420A00-F671-484D-B225-B5B7309C5E2B}.Release|Any CPU.Build.0 = Release|Any CPU
	EndGlobalSection
	GlobalSection(SolutionProperties) = preSolution
		HideSolutionNode = FALSE
	EndGlobalSection
	GlobalSection(ExtensibilityGlobals) = postSolution
		SolutionGuid = {18CA425F-56BD-41B1-BF61-84CD53AAF407}
	EndGlobalSection
EndGlobal
